
Microsoft Visual Studio Solution File, Format Version 12.00
Project("{FAE04EC0-301F-11D3-BF4B-00C04F79EFBC}") = "ColomBEE_CSharp_Relacional.API", "ColomBEE_CSharp_Relacional.API\ColomBEE_CSharp_Relacional.API.csproj", "{98FE412B-943D-4827-8701-14ED021C40DA}"
EndProject
Global
	GlobalSection(SolutionConfigurationPlatforms) = preSolution
		Debug|Any CPU = Debug|Any CPU
		Release|Any CPU = Release|Any CPU
	EndGlobalSection
	GlobalSection(ProjectConfigurationPlatforms) = postSolution
		{98FE412B-943D-4827-8701-14ED021C40DA}.Debug|Any CPU.ActiveCfg = Debug|Any CPU
		{98FE412B-943D-4827-8701-14ED021C40DA}.Debug|Any CPU.Build.0 = Debug|Any CPU
		{98FE412B-943D-4827-8701-14ED021C40DA}.Release|Any CPU.ActiveCfg = Release|Any CPU
		{98FE412B-943D-4827-8701-14ED021C40DA}.Release|Any CPU.Build.0 = Release|Any CPU
	EndGlobalSection
EndGlobal
